
Microsoft Visual Studio Solution File, Format Version 12.00
# Visual Studio Version 16
VisualStudioVersion = 16.0.29521.150
MinimumVisualStudioVersion = 10.0.40219.1
Project("{9A19103F-16F7-4668-BE54-9A1E7A4F7556}") = "WebApp", "WebApp\WebApp.csproj", "{4BDD9B60-8D0E-4EED-94FA-6AED377FFB6E}"
EndProject
Global
	GlobalSection(SolutionConfigurationPlatforms) = preSolution
		Debug|Any CPU = Debug|Any CPU
		Release|Any CPU = Release|Any CPU
	EndGlobalSection
	GlobalSection(ProjectConfigurationPlatforms) = postSolution
		{4BDD9B60-8D0E-4EED-94FA-6AED377FFB6E}.Debug|Any CPU.ActiveCfg = Debug|Any CPU
		{4BDD9B60-8D0E-4EED-94FA-6AED377FFB6E}.Debug|Any CPU.Build.0 = Debug|Any CPU
		{4BDD9B60-8D0E-4EED-94FA-6AED377FFB6E}.Release|Any CPU.ActiveCfg = Release|Any CPU
		{4BDD9B60-8D0E-4EED-94FA-6AED377FFB6E}.Release|Any CPU.Build.0 = Release|Any CPU
	EndGlobalSection
	GlobalSection(SolutionProperties) = preSolution
		HideSolutionNode = FALSE
	EndGlobalSection
	GlobalSection(ExtensibilityGlobals) = postSolution
		SolutionGuid = {B3EF10C9-68FB-41B7-B846-3ECB245230A3}
	EndGlobalSection
EndGlobal
